{
  "lockfileVersion": 1,
  "configVersion": 1,
  "workspaces": {
    "": {
      "name": "badbox",
      "dependencies": {
        "@ast-grep/napi": "^0.45.1",
      },
      "devDependencies": {
        "@types/bun": "latest",
      },
      "peerDependencies": {
        "typescript": "^5",
      },
    },
  },
  "packages": {
    "@ast-grep/napi": ["@ast-grep/napi@0.45.1", "", { "optionalDependencies": { "@ast-grep/napi-darwin-arm64": "0.45.1", "@ast-grep/napi-darwin-x64": "0.45.1", "@ast-grep/napi-linux-arm64-gnu": "0.45.1", "@ast-grep/napi-linux-arm64-musl": "0.45.1", "@ast-grep/napi-linux-x64-gnu": "0.45.1", "@ast-grep/napi-linux-x64-musl": "0.45.1", "@ast-grep/napi-win32-arm64-msvc": "0.45.1", "@ast-grep/napi-win32-ia32-msvc": "0.45.1", "@ast-grep/napi-win32-x64-msvc": "0.45.1" } }, "sha512-4cmGQEHoP9GLHEhGvd1vgSzO3Y6KF7FczDk4+q/VfXV9/9sNxNVgNHC8t3BglhIADDcoHrCMc9aw4lHG+M240A=="],

    "@ast-grep/napi-darwin-arm64": ["@ast-grep/napi-darwin-arm64@0.45.1", "", { "os": "darwin", "cpu": "arm64" }, "sha512-CthYcA0H3z5A2EHKH4rhSuFzpYUtxqUMnohmejxtMS6wiAgriKhOCopxN8XKclspYMtQyX2GC/PbvcU3dIbQHw=="],

    "@ast-grep/napi-darwin-x64": ["@ast-grep/napi-darwin-x64@0.45.1", "", { "os": "darwin", "cpu": "x64" }, "sha512-PhlXMDEEH5fMjXjYcrbeNgGqrojj4zN8C7eMQC6M4pVkuW74uPhrblD4KUbNunp5I2LkWCdKOs36jhBaZe1iPw=="],

    "@ast-grep/napi-linux-arm64-gnu": ["@ast-grep/napi-linux-arm64-gnu@0.45.1", "", { "os": "linux", "cpu": "arm64" }, "sha512-XScjs95/SrsV6kLl9MnF2qbqwKU79bcBA3JHi6xUu+hf0uZ0lc6MsZ595cEy5yw9PYRhgqwrT3wta9p4qU4jpg=="],

    "@ast-grep/napi-linux-arm64-musl": ["@ast-grep/napi-linux-arm64-musl@0.45.1", "", { "os": "linux", "cpu": "arm64" }, "sha512-qjH5CN5KIUdJW2dHfp8W57QsP6H0mA6E/rboKEzAxw6Ant1q2ZKqE3bLHUZMDoZXOBGdCODSZm0bTDcctiP49g=="],

    "@ast-grep/napi-linux-x64-gnu": ["@ast-grep/napi-linux-x64-gnu@0.45.1", "", { "os": "linux", "cpu": "x64" }, "sha512-nPP0y5EnehCgmYqvVDKSvH4vHbEFdAi8L+Kq2Sz94vK32yv4eOWf9vWhgoPscWpw76GWuwhpDvME8SZARnS3DQ=="],

    "@ast-grep/napi-linux-x64-musl": ["@ast-grep/napi-linux-x64-musl@0.45.1", "", { "os": "linux", "cpu": "x64" }, "sha512-sg50LKH7TskWd/boWVFp9gwKc3Jd8sg0f8P6T2VQemX/EOj+OFaMJ2+y7Ok17WI/dODkrZgAPUwq7RAvMzLtqg=="],

    "@ast-grep/napi-win32-arm64-msvc": ["@ast-grep/napi-win32-arm64-msvc@0.45.1", "", { "os": "win32", "cpu": "arm64" }, "sha512-wnTmD34OD9bUpdBVTb58P0y+YPb/2C2g07zj96LSk5R4pdcEMrCFsrWZlaNwtEV4q7L9BfLgrxq3MBGI8c6doA=="],

    "@ast-grep/napi-win32-ia32-msvc": ["@ast-grep/napi-win32-ia32-msvc@0.45.1", "", { "os": "win32", "cpu": "ia32" }, "sha512-gRyJwRPY1mWRtnJ6AMncV2pNU+B2indjLCb9z/+aZrUN5u/gOxYryEzvRatyC9rVUMeQGJD+k0htpsqIwgXVbA=="],

    "@ast-grep/napi-win32-x64-msvc": ["@ast-grep/napi-win32-x64-msvc@0.45.1", "", { "os": "win32", "cpu": "x64" }, "sha512-mzfMmCO7tSNks+NGkGkSnDBKxBjHoOLAMJt2IbAkMYATxHC0RqfBoN7Qtd02VGhHWEfwWLPv/wU6MrvweZ3jdQ=="],

    "@types/bun": ["@types/bun@1.3.14", "", { "dependencies": { "bun-types": "1.3.14" } }, "sha512-h1hFqFVcvAvD9j9K7ZW7vd82aSA+rTdznZa+5bwvCwqSB1jmmfLcbIWhOLx1/+boy/xmjgCs/OMUL8hRJSmnPw=="],

    "@types/node": ["@types/node@26.2.0", "", { "dependencies": { "undici-types": "~8.3.0" } }, "sha512-5IviulTZeRNp2vAJ514cc/HUlY5nZ9fCbq9DMyC52BrhFZACo3nI0R7qBxhQmo/d27NFe96ur/b7Wwxklda+kg=="],

    "bun-types": ["bun-types@1.3.14", "", { "dependencies": { "@types/node": "*" } }, "sha512-4N0ig0fEomHt5R0KCFWjovxow98rIoRwKolrYdCcknNwMekCXRnWEUvgu5soYV8QXtVsrUD8B95MBOZGPvr6KQ=="],

    "typescript": ["typescript@5.9.3", "", { "bin": { "tsc": "bin/tsc", "tsserver": "bin/tsserver" } }, "sha512-jl1vZzPDinLr9eUt3J/t7V6FgNEw9QjvBPdysz9KfQDD41fQrC2Y4vKQdiaUpFT4bXlb1RHhLpp8wtm6M5TgSw=="],

    "undici-types": ["undici-types@8.3.0", "", {}, "sha512-j375ScV60dom+YkPFIfTLcOiPxkN/buHz5GobjLhixFuANaNs3C9l4GmrWqejgXWJ7BbJcFYpTEUkS1Ge8bpZQ=="],
  }
}
